
Microsoft Visual Studio Solution File, Format Version 12.00
# Visual Studio Version 17
VisualStudioVersion = 17.12.35521.163
MinimumVisualStudioVersion = 10.0.40219.1
Project("{FAE04EC0-301F-11D3-BF4B-00C04F79EFBC}") = "Day1", "Day1\Day1.csproj", "{A93C69B6-F103-4A13-AABB-114AC09423EA}"
EndProject
Project("{FAE04EC0-301F-11D3-BF4B-00C04F79EFBC}") = "Utility", "Utility\Utility.csproj", "{E3297AC9-F6AF-4D3C-8C39-B9731E10146D}"
EndProject
Project("{FAE04EC0-301F-11D3-BF4B-00C04F79EFBC}") = "Day2", "Day2\Day2.csproj", "{162EE222-C919-445F-BAC3-01A61C89895F}"
EndProject
Project("{FAE04EC0-301F-11D3-BF4B-00C04F79EFBC}") = "Day3", "Day3\Day3.csproj", "{24744ADC-2208-461A-8E78-3F50AC379BF6}"
EndProject
Project("{FAE04EC0-301F-11D3-BF4B-00C04F79EFBC}") = "Day4", "Day4\Day4.csproj", "{E279DD80-12C8-47E1-9312-8CD2F17BA7E8}"
EndProject
Project("{FAE04EC0-301F-11D3-BF4B-00C04F79EFBC}") = "Day5", "Day5\Day5.csproj", "{F51D5BD6-BAA5-4323-8BF5-C32CCFA6A8FE}"
EndProject
Project("{FAE04EC0-301F-11D3-BF4B-00C04F79EFBC}") = "Day6", "Day6\Day6.csproj", "{D3759844-E196-4D00-8A9A-BD7BF5D2728D}"
EndProject
Project("{FAE04EC0-301F-11D3-BF4B-00C04F79EFBC}") = "Day7", "Day7\Day7.csproj", "{32F744C2-FD56-4CFC-B698-26FF6176AAE6}"
EndProject
Project("{FAE04EC0-301F-11D3-BF4B-00C04F79EFBC}") = "Day8", "Day8\Day8.csproj", "{E38734E4-0825-4DFD-B80B-0E4F117478CD}"
EndProject
Global
	GlobalSection(SolutionConfigurationPlatforms) = preSolution
		Debug|Any CPU = Debug|Any CPU
		Release|Any CPU = Release|Any CPU
	EndGlobalSection
	GlobalSection(ProjectConfigurationPlatforms) = postSolution
		{A93C69B6-F103-4A13-AABB-114AC09423EA}.Debug|Any CPU.ActiveCfg = Debug|Any CPU
		{A93C69B6-F103-4A13-AABB-114AC09423EA}.Debug|Any CPU.Build.0 = Debug|Any CPU
		{A93C69B6-F103-4A13-AABB-114AC09423EA}.Release|Any CPU.ActiveCfg = Release|Any CPU
		{A93C69B6-F103-4A13-AABB-114AC09423EA}.Release|Any CPU.Build.0 = Release|Any CPU
		{E3297AC9-F6AF-4D3C-8C39-B9731E10146D}.Debug|Any CPU.ActiveCfg = Debug|Any CPU
		{E3297AC9-F6AF-4D3C-8C39-B9731E10146D}.Debug|Any CPU.Build.0 = Debug|Any CPU
		{E3297AC9-F6AF-4D3C-8C39-B9731E10146D}.Release|Any CPU.ActiveCfg = Release|Any CPU
		{E3297AC9-F6AF-4D3C-8C39-B9731E10146D}.Release|Any CPU.Build.0 = Release|Any CPU
		{162EE222-C919-445F-BAC3-01A61C89895F}.Debug|Any CPU.ActiveCfg = Debug|Any CPU
		{162EE222-C919-445F-BAC3-01A61C89895F}.Debug|Any CPU.Build.0 = Debug|Any CPU
		{162EE222-C919-445F-BAC3-01A61C89895F}.Release|Any CPU.ActiveCfg = Release|Any CPU
		{162EE222-C919-445F-BAC3-01A61C89895F}.Release|Any CPU.Build.0 = Release|Any CPU
		{24744ADC-2208-461A-8E78-3F50AC379BF6}.Debug|Any CPU.ActiveCfg = Debug|Any CPU
		{24744ADC-2208-461A-8E78-3F50AC379BF6}.Debug|Any CPU.Build.0 = Debug|Any CPU
		{24744ADC-2208-461A-8E78-3F50AC379BF6}.Release|Any CPU.ActiveCfg = Release|Any CPU
		{24744ADC-2208-461A-8E78-3F50AC379BF6}.Release|Any CPU.Build.0 = Release|Any CPU
		{E279DD80-12C8-47E1-9312-8CD2F17BA7E8}.Debug|Any CPU.ActiveCfg = Debug|Any CPU
		{E279DD80-12C8-47E1-9312-8CD2F17BA7E8}.Debug|Any CPU.Build.0 = Debug|Any CPU
		{E279DD80-12C8-47E1-9312-8CD2F17BA7E8}.Release|Any CPU.ActiveCfg = Release|Any CPU
		{E279DD80-12C8-47E1-9312-8CD2F17BA7E8}.Release|Any CPU.Build.0 = Release|Any CPU
		{F51D5BD6-BAA5-4323-8BF5-C32CCFA6A8FE}.Debug|Any CPU.ActiveCfg = Debug|Any CPU
		{F51D5BD6-BAA5-4323-8BF5-C32CCFA6A8FE}.Debug|Any CPU.Build.0 = Debug|Any CPU
		{F51D5BD6-BAA5-4323-8BF5-C32CCFA6A8FE}.Release|Any CPU.ActiveCfg = Release|Any CPU
		{F51D5BD6-BAA5-4323-8BF5-C32CCFA6A8FE}.Release|Any CPU.Build.0 = Release|Any CPU
		{D3759844-E196-4D00-8A9A-BD7BF5D2728D}.Debug|Any CPU.ActiveCfg = Debug|Any CPU
		{D3759844-E196-4D00-8A9A-BD7BF5D2728D}.Debug|Any CPU.Build.0 = Debug|Any CPU
		{D3759844-E196-4D00-8A9A-BD7BF5D2728D}.Release|Any CPU.ActiveCfg = Release|Any CPU
		{D3759844-E196-4D00-8A9A-BD7BF5D2728D}.Release|Any CPU.Build.0 = Release|Any CPU
		{32F744C2-FD56-4CFC-B698-26FF6176AAE6}.Debug|Any CPU.ActiveCfg = Debug|Any CPU
		{32F744C2-FD56-4CFC-B698-26FF6176AAE6}.Debug|Any CPU.Build.0 = Debug|Any CPU
		{32F744C2-FD56-4CFC-B698-26FF6176AAE6}.Release|Any CPU.ActiveCfg = Release|Any CPU
		{32F744C2-FD56-4CFC-B698-26FF6176AAE6}.Release|Any CPU.Build.0 = Release|Any CPU
		{E38734E4-0825-4DFD-B80B-0E4F117478CD}.Debug|Any CPU.ActiveCfg = Debug|Any CPU
		{E38734E4-0825-4DFD-B80B-0E4F117478CD}.Debug|Any CPU.Build.0 = Debug|Any CPU
		{E38734E4-0825-4DFD-B80B-0E4F117478CD}.Release|Any CPU.ActiveCfg = Release|Any CPU
		{E38734E4-0825-4DFD-B80B-0E4F117478CD}.Release|Any CPU.Build.0 = Release|Any CPU
	EndGlobalSection
	GlobalSection(SolutionProperties) = preSolution
		HideSolutionNode = FALSE
	EndGlobalSection
EndGlobal
