
Microsoft Visual Studio Solution File, Format Version 12.00
# Visual Studio Version 17
VisualStudioVersion = 17.12.35521.163
MinimumVisualStudioVersion = 10.0.40219.1
Project("{FAE04EC0-301F-11D3-BF4B-00C04F79EFBC}") = "Utility", "Utility\Utility.csproj", "{E3297AC9-F6AF-4D3C-8C39-B9731E10146D}"
EndProject
Project("{FAE04EC0-301F-11D3-BF4B-00C04F79EFBC}") = "Day10", "Day10\Day10.csproj", "{A8D81010-4FE1-404E-958A-00FB1616823F}"
EndProject
Project("{FAE04EC0-301F-11D3-BF4B-00C04F79EFBC}") = "Day11", "Day11\Day11.csproj", "{FA253704-3D77-46BB-8E78-DA7CC3F46934}"
EndProject
Project("{FAE04EC0-301F-11D3-BF4B-00C04F79EFBC}") = "Day12", "Day12\Day12.csproj", "{09CA4587-F7F8-46CE-8941-78C5582F5ADD}"
EndProject
Project("{FAE04EC0-301F-11D3-BF4B-00C04F79EFBC}") = "Day01", "Day01\Day01.csproj", "{CBC254CC-2476-4EFC-88B4-FB84DD3D21E6}"
EndProject
Project("{FAE04EC0-301F-11D3-BF4B-00C04F79EFBC}") = "Day02", "Day02\Day02.csproj", "{9FE6982C-8A64-47AC-BBCA-F182F14FBEEE}"
EndProject
Project("{FAE04EC0-301F-11D3-BF4B-00C04F79EFBC}") = "Day03", "Day03\Day03.csproj", "{E417FEC5-4A04-4849-A565-3A241026C485}"
EndProject
Project("{FAE04EC0-301F-11D3-BF4B-00C04F79EFBC}") = "Day04", "Day04\Day04.csproj", "{ABD62092-1B6A-4E95-8A2E-0B13C129C2D3}"
EndProject
Project("{FAE04EC0-301F-11D3-BF4B-00C04F79EFBC}") = "Day05", "Day05\Day05.csproj", "{91BE1656-F9F6-4529-BF97-C553562EA230}"
EndProject
Project("{FAE04EC0-301F-11D3-BF4B-00C04F79EFBC}") = "Day06", "Day06\Day06.csproj", "{F6BC30B8-A984-4948-A133-19535F708E03}"
EndProject
Project("{FAE04EC0-301F-11D3-BF4B-00C04F79EFBC}") = "Day07", "Day07\Day07.csproj", "{B1DF488D-7465-40B3-8055-82A98E243E64}"
EndProject
Project("{FAE04EC0-301F-11D3-BF4B-00C04F79EFBC}") = "Day08", "Day08\Day08.csproj", "{97A167BF-76CA-4B2A-8C5D-C0F44356FB4F}"
EndProject
Project("{FAE04EC0-301F-11D3-BF4B-00C04F79EFBC}") = "Day09", "Day09\Day09.csproj", "{950D0887-38CA-4F90-8526-434888106F55}"
EndProject
Project("{FAE04EC0-301F-11D3-BF4B-00C04F79EFBC}") = "Day13", "Day13\Day13.csproj", "{A704DE50-0D1D-4468-987F-94344D58A7B2}"
EndProject
Project("{FAE04EC0-301F-11D3-BF4B-00C04F79EFBC}") = "Day14", "Day14\Day14.csproj", "{13586608-20AF-4A76-BA9B-5F6E8502A476}"
EndProject
Global
	GlobalSection(SolutionConfigurationPlatforms) = preSolution
		Debug|Any CPU = Debug|Any CPU
		Release|Any CPU = Release|Any CPU
	EndGlobalSection
	GlobalSection(ProjectConfigurationPlatforms) = postSolution
		{E3297AC9-F6AF-4D3C-8C39-B9731E10146D}.Debug|Any CPU.ActiveCfg = Debug|Any CPU
		{E3297AC9-F6AF-4D3C-8C39-B9731E10146D}.Debug|Any CPU.Build.0 = Debug|Any CPU
		{E3297AC9-F6AF-4D3C-8C39-B9731E10146D}.Release|Any CPU.ActiveCfg = Release|Any CPU
		{E3297AC9-F6AF-4D3C-8C39-B9731E10146D}.Release|Any CPU.Build.0 = Release|Any CPU
		{A8D81010-4FE1-404E-958A-00FB1616823F}.Debug|Any CPU.ActiveCfg = Debug|Any CPU
		{A8D81010-4FE1-404E-958A-00FB1616823F}.Debug|Any CPU.Build.0 = Debug|Any CPU
		{A8D81010-4FE1-404E-958A-00FB1616823F}.Release|Any CPU.ActiveCfg = Release|Any CPU
		{A8D81010-4FE1-404E-958A-00FB1616823F}.Release|Any CPU.Build.0 = Release|Any CPU
		{FA253704-3D77-46BB-8E78-DA7CC3F46934}.Debug|Any CPU.ActiveCfg = Debug|Any CPU
		{FA253704-3D77-46BB-8E78-DA7CC3F46934}.Debug|Any CPU.Build.0 = Debug|Any CPU
		{FA253704-3D77-46BB-8E78-DA7CC3F46934}.Release|Any CPU.ActiveCfg = Release|Any CPU
		{FA253704-3D77-46BB-8E78-DA7CC3F46934}.Release|Any CPU.Build.0 = Release|Any CPU
		{09CA4587-F7F8-46CE-8941-78C5582F5ADD}.Debug|Any CPU.ActiveCfg = Debug|Any CPU
		{09CA4587-F7F8-46CE-8941-78C5582F5ADD}.Debug|Any CPU.Build.0 = Debug|Any CPU
		{09CA4587-F7F8-46CE-8941-78C5582F5ADD}.Release|Any CPU.ActiveCfg = Release|Any CPU
		{09CA4587-F7F8-46CE-8941-78C5582F5ADD}.Release|Any CPU.Build.0 = Release|Any CPU
		{CBC254CC-2476-4EFC-88B4-FB84DD3D21E6}.Debug|Any CPU.ActiveCfg = Debug|Any CPU
		{CBC254CC-2476-4EFC-88B4-FB84DD3D21E6}.Debug|Any CPU.Build.0 = Debug|Any CPU
		{CBC254CC-2476-4EFC-88B4-FB84DD3D21E6}.Release|Any CPU.ActiveCfg = Release|Any CPU
		{CBC254CC-2476-4EFC-88B4-FB84DD3D21E6}.Release|Any CPU.Build.0 = Release|Any CPU
		{9FE6982C-8A64-47AC-BBCA-F182F14FBEEE}.Debug|Any CPU.ActiveCfg = Debug|Any CPU
		{9FE6982C-8A64-47AC-BBCA-F182F14FBEEE}.Debug|Any CPU.Build.0 = Debug|Any CPU
		{9FE6982C-8A64-47AC-BBCA-F182F14FBEEE}.Release|Any CPU.ActiveCfg = Release|Any CPU
		{9FE6982C-8A64-47AC-BBCA-F182F14FBEEE}.Release|Any CPU.Build.0 = Release|Any CPU
		{E417FEC5-4A04-4849-A565-3A241026C485}.Debug|Any CPU.ActiveCfg = Debug|Any CPU
		{E417FEC5-4A04-4849-A565-3A241026C485}.Debug|Any CPU.Build.0 = Debug|Any CPU
		{E417FEC5-4A04-4849-A565-3A241026C485}.Release|Any CPU.ActiveCfg = Release|Any CPU
		{E417FEC5-4A04-4849-A565-3A241026C485}.Release|Any CPU.Build.0 = Release|Any CPU
		{ABD62092-1B6A-4E95-8A2E-0B13C129C2D3}.Debug|Any CPU.ActiveCfg = Debug|Any CPU
		{ABD62092-1B6A-4E95-8A2E-0B13C129C2D3}.Debug|Any CPU.Build.0 = Debug|Any CPU
		{ABD62092-1B6A-4E95-8A2E-0B13C129C2D3}.Release|Any CPU.ActiveCfg = Release|Any CPU
		{ABD62092-1B6A-4E95-8A2E-0B13C129C2D3}.Release|Any CPU.Build.0 = Release|Any CPU
		{91BE1656-F9F6-4529-BF97-C553562EA230}.Debug|Any CPU.ActiveCfg = Debug|Any CPU
		{91BE1656-F9F6-4529-BF97-C553562EA230}.Debug|Any CPU.Build.0 = Debug|Any CPU
		{91BE1656-F9F6-4529-BF97-C553562EA230}.Release|Any CPU.ActiveCfg = Release|Any CPU
		{91BE1656-F9F6-4529-BF97-C553562EA230}.Release|Any CPU.Build.0 = Release|Any CPU
		{F6BC30B8-A984-4948-A133-19535F708E03}.Debug|Any CPU.ActiveCfg = Debug|Any CPU
		{F6BC30B8-A984-4948-A133-19535F708E03}.Debug|Any CPU.Build.0 = Debug|Any CPU
		{F6BC30B8-A984-4948-A133-19535F708E03}.Release|Any CPU.ActiveCfg = Release|Any CPU
		{F6BC30B8-A984-4948-A133-19535F708E03}.Release|Any CPU.Build.0 = Release|Any CPU
		{B1DF488D-7465-40B3-8055-82A98E243E64}.Debug|Any CPU.ActiveCfg = Debug|Any CPU
		{B1DF488D-7465-40B3-8055-82A98E243E64}.Debug|Any CPU.Build.0 = Debug|Any CPU
		{B1DF488D-7465-40B3-8055-82A98E243E64}.Release|Any CPU.ActiveCfg = Release|Any CPU
		{B1DF488D-7465-40B3-8055-82A98E243E64}.Release|Any CPU.Build.0 = Release|Any CPU
		{97A167BF-76CA-4B2A-8C5D-C0F44356FB4F}.Debug|Any CPU.ActiveCfg = Debug|Any CPU
		{97A167BF-76CA-4B2A-8C5D-C0F44356FB4F}.Debug|Any CPU.Build.0 = Debug|Any CPU
		{97A167BF-76CA-4B2A-8C5D-C0F44356FB4F}.Release|Any CPU.ActiveCfg = Release|Any CPU
		{97A167BF-76CA-4B2A-8C5D-C0F44356FB4F}.Release|Any CPU.Build.0 = Release|Any CPU
		{950D0887-38CA-4F90-8526-434888106F55}.Debug|Any CPU.ActiveCfg = Debug|Any CPU
		{950D0887-38CA-4F90-8526-434888106F55}.Debug|Any CPU.Build.0 = Debug|Any CPU
		{950D0887-38CA-4F90-8526-434888106F55}.Release|Any CPU.ActiveCfg = Release|Any CPU
		{950D0887-38CA-4F90-8526-434888106F55}.Release|Any CPU.Build.0 = Release|Any CPU
		{A704DE50-0D1D-4468-987F-94344D58A7B2}.Debug|Any CPU.ActiveCfg = Debug|Any CPU
		{A704DE50-0D1D-4468-987F-94344D58A7B2}.Debug|Any CPU.Build.0 = Debug|Any CPU
		{A704DE50-0D1D-4468-987F-94344D58A7B2}.Release|Any CPU.ActiveCfg = Release|Any CPU
		{A704DE50-0D1D-4468-987F-94344D58A7B2}.Release|Any CPU.Build.0 = Release|Any CPU
		{13586608-20AF-4A76-BA9B-5F6E8502A476}.Debug|Any CPU.ActiveCfg = Debug|Any CPU
		{13586608-20AF-4A76-BA9B-5F6E8502A476}.Debug|Any CPU.Build.0 = Debug|Any CPU
		{13586608-20AF-4A76-BA9B-5F6E8502A476}.Release|Any CPU.ActiveCfg = Release|Any CPU
		{13586608-20AF-4A76-BA9B-5F6E8502A476}.Release|Any CPU.Build.0 = Release|Any CPU
	EndGlobalSection
	GlobalSection(SolutionProperties) = preSolution
		HideSolutionNode = FALSE
	EndGlobalSection
EndGlobal
